
Microsoft Visual Studio Solution File, Format Version 12.00
# Visual Studio Version 16
VisualStudioVersion = 16.0.30523.141
MinimumVisualStudioVersion = 10.0.40219.1
Project("{FAE04EC0-301F-11D3-BF4B-00C04F79EFBC}") = "ReadCharFromFile", "ReadCharFromFile\ReadCharFromFile.csproj", "{BB9B57E3-8E63-42E9-8C14-3711F3DC6364}"
EndProject
Global
	GlobalSection(SolutionConfigurationPlatforms) = preSolution
		Debug|Any CPU = Debug|Any CPU
		Release|Any CPU = Release|Any CPU
	EndGlobalSection
	GlobalSection(ProjectConfigurationPlatforms) = postSolution
		{BB9B57E3-8E63-42E9-8C14-3711F3DC6364}.Debug|Any CPU.ActiveCfg = Debug|Any CPU
		{BB9B57E3-8E63-42E9-8C14-3711F3DC6364}.Debug|Any CPU.Build.0 = Debug|Any CPU
		{BB9B57E3-8E63-42E9-8C14-3711F3DC6364}.Release|Any CPU.ActiveCfg = Release|Any CPU
		{BB9B57E3-8E63-42E9-8C14-3711F3DC6364}.Release|Any CPU.Build.0 = Release|Any CPU
	EndGlobalSection
	GlobalSection(SolutionProperties) = preSolution
		HideSolutionNode = FALSE
	EndGlobalSection
	GlobalSection(ExtensibilityGlobals) = postSolution
		SolutionGuid = {D3FA1763-479A-4FD8-B679-D84CAE7AFB70}
	EndGlobalSection
EndGlobal
